{
  "name": "products",
  "version": "1.0.0",
  "lockfileVersion": 2,
  "requires": true,
  "packages": {
    "": {
      "name": "products",
      "version": "1.0.0",
      "license": "ISC",
      "dependencies": {
        "lambda-api": "^0.11.2"
      }
    },
    "node_modules/lambda-api": {
      "version": "0.11.2",
      "resolved": "https://registry.npmjs.org/lambda-api/-/lambda-api-0.11.2.tgz",
      "integrity": "sha512-4LPthd9sg3RdeNul+vz7XDmjqR/RW+Mr+4w857IgVcdcl5UqDzZbK+fxB7dH7HYQoERIusXuzUU/bolZed+agw=="
    }
  },
  "dependencies": {
    "lambda-api": {
      "version": "0.11.2",
      "resolved": "https://registry.npmjs.org/lambda-api/-/lambda-api-0.11.2.tgz",
      "integrity": "sha512-4LPthd9sg3RdeNul+vz7XDmjqR/RW+Mr+4w857IgVcdcl5UqDzZbK+fxB7dH7HYQoERIusXuzUU/bolZed+agw=="
    }
  }
}
